
Microsoft Visual Studio Solution File, Format Version 12.00
# Visual Studio 2015
Project("{FAE04EC0-301F-11D3-BF4B-00C04F79EFBC}") = "PudgeUnityBundleBuilder", "PudgeUnityBundleBuilder.csproj", "{5E6510FC-3C4D-2427-7934-607E29F65041}"
EndProject
Project("{FAE04EC0-301F-11D3-BF4B-00C04F79EFBC}") = "PudgeUnityBundleBuilder.Editor", "PudgeUnityBundleBuilder.Editor.csproj", "{13A81FCA-5396-AB5A-9F18-E30411CDA035}"
EndProject
Global
	GlobalSection(SolutionConfigurationPlatforms) = preSolution
		Debug|Any CPU = Debug|Any CPU
		Release|Any CPU = Release|Any CPU
	EndGlobalSection
	GlobalSection(ProjectConfigurationPlatforms) = postSolution
		{5E6510FC-3C4D-2427-7934-607E29F65041}.Debug|Any CPU.ActiveCfg = Debug|Any CPU
		{5E6510FC-3C4D-2427-7934-607E29F65041}.Debug|Any CPU.Build.0 = Debug|Any CPU
		{5E6510FC-3C4D-2427-7934-607E29F65041}.Release|Any CPU.ActiveCfg = Release|Any CPU
		{5E6510FC-3C4D-2427-7934-607E29F65041}.Release|Any CPU.Build.0 = Release|Any CPU
		{13A81FCA-5396-AB5A-9F18-E30411CDA035}.Debug|Any CPU.ActiveCfg = Debug|Any CPU
		{13A81FCA-5396-AB5A-9F18-E30411CDA035}.Debug|Any CPU.Build.0 = Debug|Any CPU
		{13A81FCA-5396-AB5A-9F18-E30411CDA035}.Release|Any CPU.ActiveCfg = Release|Any CPU
		{13A81FCA-5396-AB5A-9F18-E30411CDA035}.Release|Any CPU.Build.0 = Release|Any CPU
	EndGlobalSection
	GlobalSection(SolutionProperties) = preSolution
		HideSolutionNode = FALSE
	EndGlobalSection
EndGlobal
