
Microsoft Visual Studio Solution File, Format Version 12.00
# Visual Studio 2015
Project("{FAE04EC0-301F-11D3-BF4B-00C04F79EFBC}") = "PudgeUnityBundleBuilder.CSharp", "PudgeUnityBundleBuilder.CSharp.csproj", "{ACBBEBDA-5F0C-3CBA-A716-278005707D1C}"
EndProject
Project("{FAE04EC0-301F-11D3-BF4B-00C04F79EFBC}") = "PudgeUnityBundleBuilder.CSharp.Editor", "PudgeUnityBundleBuilder.CSharp.Editor.csproj", "{04743A8F-7E94-C90B-6615-2E7CCD33CE81}"
EndProject
Global
	GlobalSection(SolutionConfigurationPlatforms) = preSolution
		Debug|Any CPU = Debug|Any CPU
		Release|Any CPU = Release|Any CPU
	EndGlobalSection
	GlobalSection(ProjectConfigurationPlatforms) = postSolution
		{ACBBEBDA-5F0C-3CBA-A716-278005707D1C}.Debug|Any CPU.ActiveCfg = Debug|Any CPU
		{ACBBEBDA-5F0C-3CBA-A716-278005707D1C}.Debug|Any CPU.Build.0 = Debug|Any CPU
		{ACBBEBDA-5F0C-3CBA-A716-278005707D1C}.Release|Any CPU.ActiveCfg = Release|Any CPU
		{ACBBEBDA-5F0C-3CBA-A716-278005707D1C}.Release|Any CPU.Build.0 = Release|Any CPU
		{04743A8F-7E94-C90B-6615-2E7CCD33CE81}.Debug|Any CPU.ActiveCfg = Debug|Any CPU
		{04743A8F-7E94-C90B-6615-2E7CCD33CE81}.Debug|Any CPU.Build.0 = Debug|Any CPU
		{04743A8F-7E94-C90B-6615-2E7CCD33CE81}.Release|Any CPU.ActiveCfg = Release|Any CPU
		{04743A8F-7E94-C90B-6615-2E7CCD33CE81}.Release|Any CPU.Build.0 = Release|Any CPU
	EndGlobalSection
	GlobalSection(SolutionProperties) = preSolution
		HideSolutionNode = FALSE
	EndGlobalSection
EndGlobal
